
Microsoft Visual Studio Solution File, Format Version 12.00
# Visual Studio Version 16
VisualStudioVersion = 16.0.29728.190
MinimumVisualStudioVersion = 10.0.40219.1
Project("{FAE04EC0-301F-11D3-BF4B-00C04F79EFBC}") = "Homework08", "Homework08\Homework08.csproj", "{AE18EF67-5B0C-44FA-9352-40E633462971}"
EndProject
Project("{FAE04EC0-301F-11D3-BF4B-00C04F79EFBC}") = "Homework08.Tests", "Homework08.Tests\Homework08.Tests.csproj", "{10C31433-50BC-4476-A59F-ED08D82BF5A3}"
EndProject
Global
	GlobalSection(SolutionConfigurationPlatforms) = preSolution
		Debug|Any CPU = Debug|Any CPU
		Release|Any CPU = Release|Any CPU
	EndGlobalSection
	GlobalSection(ProjectConfigurationPlatforms) = postSolution
		{AE18EF67-5B0C-44FA-9352-40E633462971}.Debug|Any CPU.ActiveCfg = Debug|Any CPU
		{AE18EF67-5B0C-44FA-9352-40E633462971}.Debug|Any CPU.Build.0 = Debug|Any CPU
		{AE18EF67-5B0C-44FA-9352-40E633462971}.Release|Any CPU.ActiveCfg = Release|Any CPU
		{AE18EF67-5B0C-44FA-9352-40E633462971}.Release|Any CPU.Build.0 = Release|Any CPU
		{10C31433-50BC-4476-A59F-ED08D82BF5A3}.Debug|Any CPU.ActiveCfg = Debug|Any CPU
		{10C31433-50BC-4476-A59F-ED08D82BF5A3}.Debug|Any CPU.Build.0 = Debug|Any CPU
		{10C31433-50BC-4476-A59F-ED08D82BF5A3}.Release|Any CPU.ActiveCfg = Release|Any CPU
		{10C31433-50BC-4476-A59F-ED08D82BF5A3}.Release|Any CPU.Build.0 = Release|Any CPU
	EndGlobalSection
	GlobalSection(SolutionProperties) = preSolution
		HideSolutionNode = FALSE
	EndGlobalSection
	GlobalSection(ExtensibilityGlobals) = postSolution
		SolutionGuid = {780814CA-5084-4E6C-8C85-8E898CBAA2E5}
	EndGlobalSection
EndGlobal
